
Microsoft Visual Studio Solution File, Format Version 12.00
# Visual Studio Version 17
VisualStudioVersion = 17.9.34407.89
MinimumVisualStudioVersion = 10.0.40219.1
Project("{FAE04EC0-301F-11D3-BF4B-00C04F79EFBC}") = "ResxWriter", "ResxWriter.csproj", "{354B7CEC-2679-42A7-A447-90B8E827C9D0}"
EndProject
Project("{FAE04EC0-301F-11D3-BF4B-00C04F79EFBC}") = "AddToShell", "AddToShell\AddToShell.csproj", "{F5912DD7-08C8-4BE1-8D82-08B52F7A58E8}"
EndProject
Project("{2150E333-8FDC-42A3-9474-1A3956D46DE8}") = "Shared", "Shared", "{D52506AC-9A34-469B-8259-3D2979CAC906}"
	ProjectSection(SolutionItems) = preProject
		AssemblyInfo.cs = AssemblyInfo.cs
	EndProjectSection
EndProject
Global
	GlobalSection(SolutionConfigurationPlatforms) = preSolution
		Debug|Any CPU = Debug|Any CPU
		Release|Any CPU = Release|Any CPU
	EndGlobalSection
	GlobalSection(ProjectConfigurationPlatforms) = postSolution
		{354B7CEC-2679-42A7-A447-90B8E827C9D0}.Debug|Any CPU.ActiveCfg = Debug|Any CPU
		{354B7CEC-2679-42A7-A447-90B8E827C9D0}.Debug|Any CPU.Build.0 = Debug|Any CPU
		{354B7CEC-2679-42A7-A447-90B8E827C9D0}.Release|Any CPU.ActiveCfg = Release|Any CPU
		{354B7CEC-2679-42A7-A447-90B8E827C9D0}.Release|Any CPU.Build.0 = Release|Any CPU
		{F5912DD7-08C8-4BE1-8D82-08B52F7A58E8}.Debug|Any CPU.ActiveCfg = Debug|Any CPU
		{F5912DD7-08C8-4BE1-8D82-08B52F7A58E8}.Debug|Any CPU.Build.0 = Debug|Any CPU
		{F5912DD7-08C8-4BE1-8D82-08B52F7A58E8}.Release|Any CPU.ActiveCfg = Release|Any CPU
		{F5912DD7-08C8-4BE1-8D82-08B52F7A58E8}.Release|Any CPU.Build.0 = Release|Any CPU
	EndGlobalSection
	GlobalSection(SolutionProperties) = preSolution
		HideSolutionNode = FALSE
	EndGlobalSection
	GlobalSection(ExtensibilityGlobals) = postSolution
		SolutionGuid = {7E3292F7-4818-4BB7-B2CA-B0DCB28929B9}
	EndGlobalSection
EndGlobal
